
Microsoft Visual Studio Solution File, Format Version 12.00
# Visual Studio Version 16
VisualStudioVersion = 16.0.28922.388
MinimumVisualStudioVersion = 10.0.40219.1
Project("{FAE04EC0-301F-11D3-BF4B-00C04F79EFBC}") = "UIShowcase.UWP", "UIShowcase.UWP\UIShowcase.UWP.csproj", "{9147A0C3-774F-4EC6-B971-C7077D00373D}"
EndProject
Project("{FAE04EC0-301F-11D3-BF4B-00C04F79EFBC}") = "UIShowcase.Android", "UIShowcase.Android\UIShowcase.Android.csproj", "{D27039A5-38F9-4EAE-833F-AEC7141D23D2}"
EndProject
Project("{FAE04EC0-301F-11D3-BF4B-00C04F79EFBC}") = "UIShowcase.iOS", "UIShowcase.iOS\UIShowcase.iOS.csproj", "{2729DE8C-5736-410A-92F2-E8EE43237870}"
EndProject
Project("{FAE04EC0-301F-11D3-BF4B-00C04F79EFBC}") = "UIShowcase", "UIShowcase\UIShowcase.csproj", "{D5A9F692-A547-4474-B617-391536645B40}"
EndProject
Project("{FAE04EC0-301F-11D3-BF4B-00C04F79EFBC}") = "DAL", "..\DAL\DAL.csproj", "{68D6909C-A135-4155-8D52-C41F902B962F}"
EndProject
Global
	GlobalSection(SolutionConfigurationPlatforms) = preSolution
		Debug|Any CPU = Debug|Any CPU
		Debug|ARM = Debug|ARM
		Debug|iPhone = Debug|iPhone
		Debug|iPhoneSimulator = Debug|iPhoneSimulator
		Debug|x64 = Debug|x64
		Debug|x86 = Debug|x86
		Release|Any CPU = Release|Any CPU
		Release|ARM = Release|ARM
		Release|iPhone = Release|iPhone
		Release|iPhoneSimulator = Release|iPhoneSimulator
		Release|x64 = Release|x64
		Release|x86 = Release|x86
	EndGlobalSection
	GlobalSection(ProjectConfigurationPlatforms) = postSolution
		{9147A0C3-774F-4EC6-B971-C7077D00373D}.Debug|Any CPU.ActiveCfg = Debug|x86
		{9147A0C3-774F-4EC6-B971-C7077D00373D}.Debug|Any CPU.Build.0 = Debug|x86
		{9147A0C3-774F-4EC6-B971-C7077D00373D}.Debug|Any CPU.Deploy.0 = Debug|x86
		{9147A0C3-774F-4EC6-B971-C7077D00373D}.Debug|ARM.ActiveCfg = Debug|ARM
		{9147A0C3-774F-4EC6-B971-C7077D00373D}.Debug|ARM.Build.0 = Debug|ARM
		{9147A0C3-774F-4EC6-B971-C7077D00373D}.Debug|ARM.Deploy.0 = Debug|ARM
		{9147A0C3-774F-4EC6-B971-C7077D00373D}.Debug|iPhone.ActiveCfg = Debug|x86
		{9147A0C3-774F-4EC6-B971-C7077D00373D}.Debug|iPhone.Build.0 = Debug|x86
		{9147A0C3-774F-4EC6-B971-C7077D00373D}.Debug|iPhone.Deploy.0 = Debug|x86
		{9147A0C3-774F-4EC6-B971-C7077D00373D}.Debug|iPhoneSimulator.ActiveCfg = Debug|x86
		{9147A0C3-774F-4EC6-B971-C7077D00373D}.Debug|iPhoneSimulator.Build.0 = Debug|x86
		{9147A0C3-774F-4EC6-B971-C7077D00373D}.Debug|iPhoneSimulator.Deploy.0 = Debug|x86
		{9147A0C3-774F-4EC6-B971-C7077D00373D}.Debug|x64.ActiveCfg = Debug|x64
		{9147A0C3-774F-4EC6-B971-C7077D00373D}.Debug|x64.Build.0 = Debug|x64
		{9147A0C3-774F-4EC6-B971-C7077D00373D}.Debug|x64.Deploy.0 = Debug|x64
		{9147A0C3-774F-4EC6-B971-C7077D00373D}.Debug|x86.ActiveCfg = Debug|x86
		{9147A0C3-774F-4EC6-B971-C7077D00373D}.Debug|x86.Build.0 = Debug|x86
		{9147A0C3-774F-4EC6-B971-C7077D00373D}.Debug|x86.Deploy.0 = Debug|x86
		{9147A0C3-774F-4EC6-B971-C7077D00373D}.Release|Any CPU.ActiveCfg = Release|x86
		{9147A0C3-774F-4EC6-B971-C7077D00373D}.Release|Any CPU.Build.0 = Release|x86
		{9147A0C3-774F-4EC6-B971-C7077D00373D}.Release|Any CPU.Deploy.0 = Release|x86
		{9147A0C3-774F-4EC6-B971-C7077D00373D}.Release|ARM.ActiveCfg = Release|ARM
		{9147A0C3-774F-4EC6-B971-C7077D00373D}.Release|ARM.Build.0 = Release|ARM
		{9147A0C3-774F-4EC6-B971-C7077D00373D}.Release|ARM.Deploy.0 = Release|ARM
		{9147A0C3-774F-4EC6-B971-C7077D00373D}.Release|iPhone.ActiveCfg = Release|x86
		{9147A0C3-774F-4EC6-B971-C7077D00373D}.Release|iPhone.Build.0 = Release|x86
		{9147A0C3-774F-4EC6-B971-C7077D00373D}.Release|iPhone.Deploy.0 = Release|x86
		{9147A0C3-774F-4EC6-B971-C7077D00373D}.Release|iPhoneSimulator.ActiveCfg = Release|x86
		{9147A0C3-774F-4EC6-B971-C7077D00373D}.Release|iPhoneSimulator.Build.0 = Release|x86
		{9147A0C3-774F-4EC6-B971-C7077D00373D}.Release|iPhoneSimulator.Deploy.0 = Release|x86
		{9147A0C3-774F-4EC6-B971-C7077D00373D}.Release|x64.ActiveCfg = Release|x64
		{9147A0C3-774F-4EC6-B971-C7077D00373D}.Release|x64.Build.0 = Release|x64
		{9147A0C3-774F-4EC6-B971-C7077D00373D}.Release|x64.Deploy.0 = Release|x64
		{9147A0C3-774F-4EC6-B971-C7077D00373D}.Release|x86.ActiveCfg = Release|x86
		{9147A0C3-774F-4EC6-B971-C7077D00373D}.Release|x86.Build.0 = Release|x86
		{9147A0C3-774F-4EC6-B971-C7077D00373D}.Release|x86.Deploy.0 = Release|x86
		{D27039A5-38F9-4EAE-833F-AEC7141D23D2}.Debug|Any CPU.ActiveCfg = Debug|Any CPU
		{D27039A5-38F9-4EAE-833F-AEC7141D23D2}.Debug|Any CPU.Build.0 = Debug|Any CPU
		{D27039A5-38F9-4EAE-833F-AEC7141D23D2}.Debug|Any CPU.Deploy.0 = Debug|Any CPU
		{D27039A5-38F9-4EAE-833F-AEC7141D23D2}.Debug|ARM.ActiveCfg = Debug|Any CPU
		{D27039A5-38F9-4EAE-833F-AEC7141D23D2}.Debug|ARM.Build.0 = Debug|Any CPU
		{D27039A5-38F9-4EAE-833F-AEC7141D23D2}.Debug|ARM.Deploy.0 = Debug|Any CPU
		{D27039A5-38F9-4EAE-833F-AEC7141D23D2}.Debug|iPhone.ActiveCfg = Debug|Any CPU
		{D27039A5-38F9-4EAE-833F-AEC7141D23D2}.Debug|iPhone.Build.0 = Debug|Any CPU
		{D27039A5-38F9-4EAE-833F-AEC7141D23D2}.Debug|iPhone.Deploy.0 = Debug|Any CPU
		{D27039A5-38F9-4EAE-833F-AEC7141D23D2}.Debug|iPhoneSimulator.ActiveCfg = Debug|Any CPU
		{D27039A5-38F9-4EAE-833F-AEC7141D23D2}.Debug|iPhoneSimulator.Build.0 = Debug|Any CPU
		{D27039A5-38F9-4EAE-833F-AEC7141D23D2}.Debug|iPhoneSimulator.Deploy.0 = Debug|Any CPU
		{D27039A5-38F9-4EAE-833F-AEC7141D23D2}.Debug|x64.ActiveCfg = Debug|Any CPU
		{D27039A5-38F9-4EAE-833F-AEC7141D23D2}.Debug|x64.Build.0 = Debug|Any CPU
		{D27039A5-38F9-4EAE-833F-AEC7141D23D2}.Debug|x64.Deploy.0 = Debug|Any CPU
		{D27039A5-38F9-4EAE-833F-AEC7141D23D2}.Debug|x86.ActiveCfg = Debug|Any CPU
		{D27039A5-38F9-4EAE-833F-AEC7141D23D2}.Debug|x86.Build.0 = Debug|Any CPU
		{D27039A5-38F9-4EAE-833F-AEC7141D23D2}.Debug|x86.Deploy.0 = Debug|Any CPU
		{D27039A5-38F9-4EAE-833F-AEC7141D23D2}.Release|Any CPU.ActiveCfg = Release|Any CPU
		{D27039A5-38F9-4EAE-833F-AEC7141D23D2}.Release|Any CPU.Build.0 = Release|Any CPU
		{D27039A5-38F9-4EAE-833F-AEC7141D23D2}.Release|Any CPU.Deploy.0 = Release|Any CPU
		{D27039A5-38F9-4EAE-833F-AEC7141D23D2}.Release|ARM.ActiveCfg = Release|Any CPU
		{D27039A5-38F9-4EAE-833F-AEC7141D23D2}.Release|ARM.Build.0 = Release|Any CPU
		{D27039A5-38F9-4EAE-833F-AEC7141D23D2}.Release|ARM.Deploy.0 = Release|Any CPU
		{D27039A5-38F9-4EAE-833F-AEC7141D23D2}.Release|iPhone.ActiveCfg = Release|Any CPU
		{D27039A5-38F9-4EAE-833F-AEC7141D23D2}.Release|iPhone.Build.0 = Release|Any CPU
		{D27039A5-38F9-4EAE-833F-AEC7141D23D2}.Release|iPhone.Deploy.0 = Release|Any CPU
		{D27039A5-38F9-4EAE-833F-AEC7141D23D2}.Release|iPhoneSimulator.ActiveCfg = Release|Any CPU
		{D27039A5-38F9-4EAE-833F-AEC7141D23D2}.Release|iPhoneSimulator.Build.0 = Release|Any CPU
		{D27039A5-38F9-4EAE-833F-AEC7141D23D2}.Release|iPhoneSimulator.Deploy.0 = Release|Any CPU
		{D27039A5-38F9-4EAE-833F-AEC7141D23D2}.Release|x64.ActiveCfg = Release|Any CPU
		{D27039A5-38F9-4EAE-833F-AEC7141D23D2}.Release|x64.Build.0 = Release|Any CPU
		{D27039A5-38F9-4EAE-833F-AEC7141D23D2}.Release|x64.Deploy.0 = Release|Any CPU
		{D27039A5-38F9-4EAE-833F-AEC7141D23D2}.Release|x86.ActiveCfg = Release|Any CPU
		{D27039A5-38F9-4EAE-833F-AEC7141D23D2}.Release|x86.Build.0 = Release|Any CPU
		{D27039A5-38F9-4EAE-833F-AEC7141D23D2}.Release|x86.Deploy.0 = Release|Any CPU
		{2729DE8C-5736-410A-92F2-E8EE43237870}.Debug|Any CPU.ActiveCfg = Debug|iPhone
		{2729DE8C-5736-410A-92F2-E8EE43237870}.Debug|Any CPU.Build.0 = Debug|iPhone
		{2729DE8C-5736-410A-92F2-E8EE43237870}.Debug|Any CPU.Deploy.0 = Debug|iPhone
		{2729DE8C-5736-410A-92F2-E8EE43237870}.Debug|ARM.ActiveCfg = Debug|iPhoneSimulator
		{2729DE8C-5736-410A-92F2-E8EE43237870}.Debug|ARM.Build.0 = Debug|iPhoneSimulator
		{2729DE8C-5736-410A-92F2-E8EE43237870}.Debug|ARM.Deploy.0 = Debug|iPhoneSimulator
		{2729DE8C-5736-410A-92F2-E8EE43237870}.Debug|iPhone.ActiveCfg = Debug|iPhone
		{2729DE8C-5736-410A-92F2-E8EE43237870}.Debug|iPhone.Build.0 = Debug|iPhone
		{2729DE8C-5736-410A-92F2-E8EE43237870}.Debug|iPhone.Deploy.0 = Debug|iPhone
		{2729DE8C-5736-410A-92F2-E8EE43237870}.Debug|iPhoneSimulator.ActiveCfg = Debug|iPhoneSimulator
		{2729DE8C-5736-410A-92F2-E8EE43237870}.Debug|iPhoneSimulator.Build.0 = Debug|iPhoneSimulator
		{2729DE8C-5736-410A-92F2-E8EE43237870}.Debug|iPhoneSimulator.Deploy.0 = Debug|iPhoneSimulator
		{2729DE8C-5736-410A-92F2-E8EE43237870}.Debug|x64.ActiveCfg = Debug|iPhone
		{2729DE8C-5736-410A-92F2-E8EE43237870}.Debug|x64.Build.0 = Debug|iPhone
		{2729DE8C-5736-410A-92F2-E8EE43237870}.Debug|x64.Deploy.0 = Debug|iPhone
		{2729DE8C-5736-410A-92F2-E8EE43237870}.Debug|x86.ActiveCfg = Debug|iPhone
		{2729DE8C-5736-410A-92F2-E8EE43237870}.Debug|x86.Build.0 = Debug|iPhone
		{2729DE8C-5736-410A-92F2-E8EE43237870}.Debug|x86.Deploy.0 = Debug|iPhone
		{2729DE8C-5736-410A-92F2-E8EE43237870}.Release|Any CPU.ActiveCfg = Release|iPhone
		{2729DE8C-5736-410A-92F2-E8EE43237870}.Release|Any CPU.Build.0 = Release|iPhone
		{2729DE8C-5736-410A-92F2-E8EE43237870}.Release|Any CPU.Deploy.0 = Release|iPhone
		{2729DE8C-5736-410A-92F2-E8EE43237870}.Release|ARM.ActiveCfg = Release|iPhone
		{2729DE8C-5736-410A-92F2-E8EE43237870}.Release|ARM.Build.0 = Release|iPhone
		{2729DE8C-5736-410A-92F2-E8EE43237870}.Release|ARM.Deploy.0 = Release|iPhone
		{2729DE8C-5736-410A-92F2-E8EE43237870}.Release|iPhone.ActiveCfg = Release|iPhone
		{2729DE8C-5736-410A-92F2-E8EE43237870}.Release|iPhone.Build.0 = Release|iPhone
		{2729DE8C-5736-410A-92F2-E8EE43237870}.Release|iPhone.Deploy.0 = Release|iPhone
		{2729DE8C-5736-410A-92F2-E8EE43237870}.Release|iPhoneSimulator.ActiveCfg = Release|iPhoneSimulator
		{2729DE8C-5736-410A-92F2-E8EE43237870}.Release|iPhoneSimulator.Build.0 = Release|iPhoneSimulator
		{2729DE8C-5736-410A-92F2-E8EE43237870}.Release|iPhoneSimulator.Deploy.0 = Release|iPhoneSimulator
		{2729DE8C-5736-410A-92F2-E8EE43237870}.Release|x64.ActiveCfg = Release|iPhone
		{2729DE8C-5736-410A-92F2-E8EE43237870}.Release|x64.Build.0 = Release|iPhone
		{2729DE8C-5736-410A-92F2-E8EE43237870}.Release|x64.Deploy.0 = Release|iPhone
		{2729DE8C-5736-410A-92F2-E8EE43237870}.Release|x86.ActiveCfg = Release|iPhone
		{2729DE8C-5736-410A-92F2-E8EE43237870}.Release|x86.Build.0 = Release|iPhone
		{2729DE8C-5736-410A-92F2-E8EE43237870}.Release|x86.Deploy.0 = Release|iPhone
		{D5A9F692-A547-4474-B617-391536645B40}.Debug|Any CPU.ActiveCfg = Debug|Any CPU
		{D5A9F692-A547-4474-B617-391536645B40}.Debug|Any CPU.Build.0 = Debug|Any CPU
		{D5A9F692-A547-4474-B617-391536645B40}.Debug|Any CPU.Deploy.0 = Debug|Any CPU
		{D5A9F692-A547-4474-B617-391536645B40}.Debug|ARM.ActiveCfg = Debug|Any CPU
		{D5A9F692-A547-4474-B617-391536645B40}.Debug|ARM.Build.0 = Debug|Any CPU
		{D5A9F692-A547-4474-B617-391536645B40}.Debug|ARM.Deploy.0 = Debug|Any CPU
		{D5A9F692-A547-4474-B617-391536645B40}.Debug|iPhone.ActiveCfg = Debug|Any CPU
		{D5A9F692-A547-4474-B617-391536645B40}.Debug|iPhone.Build.0 = Debug|Any CPU
		{D5A9F692-A547-4474-B617-391536645B40}.Debug|iPhone.Deploy.0 = Debug|Any CPU
		{D5A9F692-A547-4474-B617-391536645B40}.Debug|iPhoneSimulator.ActiveCfg = Debug|Any CPU
		{D5A9F692-A547-4474-B617-391536645B40}.Debug|iPhoneSimulator.Build.0 = Debug|Any CPU
		{D5A9F692-A547-4474-B617-391536645B40}.Debug|iPhoneSimulator.Deploy.0 = Debug|Any CPU
		{D5A9F692-A547-4474-B617-391536645B40}.Debug|x64.ActiveCfg = Debug|Any CPU
		{D5A9F692-A547-4474-B617-391536645B40}.Debug|x64.Build.0 = Debug|Any CPU
		{D5A9F692-A547-4474-B617-391536645B40}.Debug|x64.Deploy.0 = Debug|Any CPU
		{D5A9F692-A547-4474-B617-391536645B40}.Debug|x86.ActiveCfg = Debug|Any CPU
		{D5A9F692-A547-4474-B617-391536645B40}.Debug|x86.Build.0 = Debug|Any CPU
		{D5A9F692-A547-4474-B617-391536645B40}.Debug|x86.Deploy.0 = Debug|Any CPU
		{D5A9F692-A547-4474-B617-391536645B40}.Release|Any CPU.ActiveCfg = Release|Any CPU
		{D5A9F692-A547-4474-B617-391536645B40}.Release|Any CPU.Build.0 = Release|Any CPU
		{D5A9F692-A547-4474-B617-391536645B40}.Release|Any CPU.Deploy.0 = Release|Any CPU
		{D5A9F692-A547-4474-B617-391536645B40}.Release|ARM.ActiveCfg = Release|Any CPU
		{D5A9F692-A547-4474-B617-391536645B40}.Release|ARM.Build.0 = Release|Any CPU
		{D5A9F692-A547-4474-B617-391536645B40}.Release|ARM.Deploy.0 = Release|Any CPU
		{D5A9F692-A547-4474-B617-391536645B40}.Release|iPhone.ActiveCfg = Release|Any CPU
		{D5A9F692-A547-4474-B617-391536645B40}.Release|iPhone.Build.0 = Release|Any CPU
		{D5A9F692-A547-4474-B617-391536645B40}.Release|iPhone.Deploy.0 = Release|Any CPU
		{D5A9F692-A547-4474-B617-391536645B40}.Release|iPhoneSimulator.ActiveCfg = Release|Any CPU
		{D5A9F692-A547-4474-B617-391536645B40}.Release|iPhoneSimulator.Build.0 = Release|Any CPU
		{D5A9F692-A547-4474-B617-391536645B40}.Release|iPhoneSimulator.Deploy.0 = Release|Any CPU
		{D5A9F692-A547-4474-B617-391536645B40}.Release|x64.ActiveCfg = Release|Any CPU
		{D5A9F692-A547-4474-B617-391536645B40}.Release|x64.Build.0 = Release|Any CPU
		{D5A9F692-A547-4474-B617-391536645B40}.Release|x64.Deploy.0 = Release|Any CPU
		{D5A9F692-A547-4474-B617-391536645B40}.Release|x86.ActiveCfg = Release|Any CPU
		{D5A9F692-A547-4474-B617-391536645B40}.Release|x86.Build.0 = Release|Any CPU
		{D5A9F692-A547-4474-B617-391536645B40}.Release|x86.Deploy.0 = Release|Any CPU
		{68D6909C-A135-4155-8D52-C41F902B962F}.Debug|Any CPU.ActiveCfg = Debug|Any CPU
		{68D6909C-A135-4155-8D52-C41F902B962F}.Debug|Any CPU.Build.0 = Debug|Any CPU
		{68D6909C-A135-4155-8D52-C41F902B962F}.Debug|ARM.ActiveCfg = Debug|Any CPU
		{68D6909C-A135-4155-8D52-C41F902B962F}.Debug|ARM.Build.0 = Debug|Any CPU
		{68D6909C-A135-4155-8D52-C41F902B962F}.Debug|iPhone.ActiveCfg = Debug|Any CPU
		{68D6909C-A135-4155-8D52-C41F902B962F}.Debug|iPhone.Build.0 = Debug|Any CPU
		{68D6909C-A135-4155-8D52-C41F902B962F}.Debug|iPhoneSimulator.ActiveCfg = Debug|Any CPU
		{68D6909C-A135-4155-8D52-C41F902B962F}.Debug|iPhoneSimulator.Build.0 = Debug|Any CPU
		{68D6909C-A135-4155-8D52-C41F902B962F}.Debug|x64.ActiveCfg = Debug|Any CPU
		{68D6909C-A135-4155-8D52-C41F902B962F}.Debug|x64.Build.0 = Debug|Any CPU
		{68D6909C-A135-4155-8D52-C41F902B962F}.Debug|x86.ActiveCfg = Debug|Any CPU
		{68D6909C-A135-4155-8D52-C41F902B962F}.Debug|x86.Build.0 = Debug|Any CPU
		{68D6909C-A135-4155-8D52-C41F902B962F}.Release|Any CPU.ActiveCfg = Release|Any CPU
		{68D6909C-A135-4155-8D52-C41F902B962F}.Release|Any CPU.Build.0 = Release|Any CPU
		{68D6909C-A135-4155-8D52-C41F902B962F}.Release|ARM.ActiveCfg = Release|Any CPU
		{68D6909C-A135-4155-8D52-C41F902B962F}.Release|ARM.Build.0 = Release|Any CPU
		{68D6909C-A135-4155-8D52-C41F902B962F}.Release|iPhone.ActiveCfg = Release|Any CPU
		{68D6909C-A135-4155-8D52-C41F902B962F}.Release|iPhone.Build.0 = Release|Any CPU
		{68D6909C-A135-4155-8D52-C41F902B962F}.Release|iPhoneSimulator.ActiveCfg = Release|Any CPU
		{68D6909C-A135-4155-8D52-C41F902B962F}.Release|iPhoneSimulator.Build.0 = Release|Any CPU
		{68D6909C-A135-4155-8D52-C41F902B962F}.Release|x64.ActiveCfg = Release|Any CPU
		{68D6909C-A135-4155-8D52-C41F902B962F}.Release|x64.Build.0 = Release|Any CPU
		{68D6909C-A135-4155-8D52-C41F902B962F}.Release|x86.ActiveCfg = Release|Any CPU
		{68D6909C-A135-4155-8D52-C41F902B962F}.Release|x86.Build.0 = Release|Any CPU
	EndGlobalSection
	GlobalSection(SolutionProperties) = preSolution
		HideSolutionNode = FALSE
	EndGlobalSection
	GlobalSection(ExtensibilityGlobals) = postSolution
		SolutionGuid = {6A655990-E98A-4E86-B4B2-71922562B983}
	EndGlobalSection
EndGlobal
